
Microsoft Visual Studio Solution File, Format Version 10.00
# Visual Studio 2008
Project("{FAE04EC0-301F-11D3-BF4B-00C04F79EFBC}") = "LinqTwit.Linq", "LinqTwit.Linq\LinqTwit.Linq.csproj", "{6E738C49-89BB-4DC6-8B26-2899D191047B}"
EndProject
Project("{FAE04EC0-301F-11D3-BF4B-00C04F79EFBC}") = "LinqTwit.Linq.Tests", "LinqTwit.Linq.Tests\LinqTwit.Linq.Tests.csproj", "{1339C1BD-A1C2-44F6-A1F4-6BF1FD0107A0}"
EndProject
Global
	GlobalSection(SolutionConfigurationPlatforms) = preSolution
		Debug|Any CPU = Debug|Any CPU
		Release|Any CPU = Release|Any CPU
	EndGlobalSection
	GlobalSection(ProjectConfigurationPlatforms) = postSolution
		{6E738C49-89BB-4DC6-8B26-2899D191047B}.Debug|Any CPU.ActiveCfg = Debug|Any CPU
		{6E738C49-89BB-4DC6-8B26-2899D191047B}.Debug|Any CPU.Build.0 = Debug|Any CPU
		{6E738C49-89BB-4DC6-8B26-2899D191047B}.Release|Any CPU.ActiveCfg = Release|Any CPU
		{6E738C49-89BB-4DC6-8B26-2899D191047B}.Release|Any CPU.Build.0 = Release|Any CPU
		{1339C1BD-A1C2-44F6-A1F4-6BF1FD0107A0}.Debug|Any CPU.ActiveCfg = Debug|Any CPU
		{1339C1BD-A1C2-44F6-A1F4-6BF1FD0107A0}.Debug|Any CPU.Build.0 = Debug|Any CPU
		{1339C1BD-A1C2-44F6-A1F4-6BF1FD0107A0}.Release|Any CPU.ActiveCfg = Release|Any CPU
		{1339C1BD-A1C2-44F6-A1F4-6BF1FD0107A0}.Release|Any CPU.Build.0 = Release|Any CPU
	EndGlobalSection
	GlobalSection(SolutionProperties) = preSolution
		HideSolutionNode = FALSE
	EndGlobalSection
EndGlobal
